
Microsoft Visual Studio Solution File, Format Version 12.00
# Visual Studio Version 17
VisualStudioVersion = 17.12.35527.113
MinimumVisualStudioVersion = 10.0.40219.1
Project("{FAE04EC0-301F-11D3-BF4B-00C04F79EFBC}") = "ECommerceAPI", "ECommerceAPI\ECommerceAPI.csproj", "{1CA5907C-5475-4640-9FE3-B0388ECC967F}"
EndProject
Project("{FAE04EC0-301F-11D3-BF4B-00C04F79EFBC}") = "ECommerceAPI.AppHost", "ECommerceAPI.AppHost\ECommerceAPI.AppHost.csproj", "{437EB257-756F-4F8E-B47A-AA66940AA6A5}"
EndProject
Project("{FAE04EC0-301F-11D3-BF4B-00C04F79EFBC}") = "ECommerceAPI.ServiceDefaults", "ECommerceAPI.ServiceDefaults\ECommerceAPI.ServiceDefaults.csproj", "{F79F0A98-0ABE-488E-BF77-09B55EE4006A}"
EndProject
Global
	GlobalSection(SolutionConfigurationPlatforms) = preSolution
		Debug|Any CPU = Debug|Any CPU
		Release|Any CPU = Release|Any CPU
	EndGlobalSection
	GlobalSection(ProjectConfigurationPlatforms) = postSolution
		{1CA5907C-5475-4640-9FE3-B0388ECC967F}.Debug|Any CPU.ActiveCfg = Debug|Any CPU
		{1CA5907C-5475-4640-9FE3-B0388ECC967F}.Debug|Any CPU.Build.0 = Debug|Any CPU
		{1CA5907C-5475-4640-9FE3-B0388ECC967F}.Release|Any CPU.ActiveCfg = Release|Any CPU
		{1CA5907C-5475-4640-9FE3-B0388ECC967F}.Release|Any CPU.Build.0 = Release|Any CPU
		{437EB257-756F-4F8E-B47A-AA66940AA6A5}.Debug|Any CPU.ActiveCfg = Debug|Any CPU
		{437EB257-756F-4F8E-B47A-AA66940AA6A5}.Debug|Any CPU.Build.0 = Debug|Any CPU
		{437EB257-756F-4F8E-B47A-AA66940AA6A5}.Release|Any CPU.ActiveCfg = Release|Any CPU
		{437EB257-756F-4F8E-B47A-AA66940AA6A5}.Release|Any CPU.Build.0 = Release|Any CPU
		{F79F0A98-0ABE-488E-BF77-09B55EE4006A}.Debug|Any CPU.ActiveCfg = Debug|Any CPU
		{F79F0A98-0ABE-488E-BF77-09B55EE4006A}.Debug|Any CPU.Build.0 = Debug|Any CPU
		{F79F0A98-0ABE-488E-BF77-09B55EE4006A}.Release|Any CPU.ActiveCfg = Release|Any CPU
		{F79F0A98-0ABE-488E-BF77-09B55EE4006A}.Release|Any CPU.Build.0 = Release|Any CPU
	EndGlobalSection
	GlobalSection(SolutionProperties) = preSolution
		HideSolutionNode = FALSE
	EndGlobalSection
EndGlobal
